
Microsoft Visual Studio Solution File, Format Version 12.00
# Visual Studio Version 17
VisualStudioVersion = 17.14.36408.4
MinimumVisualStudioVersion = 10.0.40219.1
Project("{2150E333-8FDC-42A3-9474-1A3956D46DE8}") = "Services", "Services", "{02EA681E-C7D8-13C7-8484-4AC65E1B71E8}"
EndProject
Project("{2150E333-8FDC-42A3-9474-1A3956D46DE8}") = "Catalog", "Catalog", "{97D5A0B2-60AD-46F9-B0EC-79BA26E6E0F0}"
EndProject
Project("{FAE04EC0-301F-11D3-BF4B-00C04F79EFBC}") = "Catalog.API", "Services\Catalog\Catalog.API\Catalog.API.csproj", "{DD24DDBB-4E70-4496-B342-C088999B06F9}"
EndProject
Project("{2150E333-8FDC-42A3-9474-1A3956D46DE8}") = "BuildingBlocks", "BuildingBlocks", "{35095422-9FA2-4B19-8504-063E7171A5AA}"
EndProject
Project("{FAE04EC0-301F-11D3-BF4B-00C04F79EFBC}") = "BuildingBlocks", "BuildingBlocks\BuildingBlocks\BuildingBlocks.csproj", "{8727A3FD-1399-4502-B08F-A31578D3260B}"
EndProject
Project("{E53339B2-1760-4266-BCC7-CA923CBCF16C}") = "docker-compose", "docker-compose.dcproj", "{81DDED9D-158B-E303-5F62-77A2896D2A5A}"
EndProject
Project("{2150E333-8FDC-42A3-9474-1A3956D46DE8}") = "Basket", "Basket", "{E2486392-3996-4FF2-B143-962CBA3F403C}"
EndProject
Project("{FAE04EC0-301F-11D3-BF4B-00C04F79EFBC}") = "Basket.API", "Services\Basket\Basket.API\Basket.API.csproj", "{B8AD9969-105D-4D94-9EA3-C96679F3ECA0}"
EndProject
Project("{2150E333-8FDC-42A3-9474-1A3956D46DE8}") = "Discount", "Discount", "{82C5164B-17C4-4904-A1FB-521419370DE5}"
EndProject
Project("{FAE04EC0-301F-11D3-BF4B-00C04F79EFBC}") = "Discount.Grpc", "Services\Discount\Discount.Grpc\Discount.Grpc.csproj", "{B4081274-D11A-4607-BFE9-44CB2CF7D8E0}"
EndProject
Project("{2150E333-8FDC-42A3-9474-1A3956D46DE8}") = "Ordering", "Ordering", "{F906AF4A-E793-4E7F-A2B0-6C036486AB2D}"
EndProject
Project("{FAE04EC0-301F-11D3-BF4B-00C04F79EFBC}") = "Ordering.API", "Services\Ordering\Ordering.API\Ordering.API.csproj", "{F804742B-3B4E-4D4C-B961-3C258903E96B}"
EndProject
Project("{FAE04EC0-301F-11D3-BF4B-00C04F79EFBC}") = "Ordering.Domain", "Services\Ordering\Ordering.Domain\Ordering.Domain.csproj", "{6B9D1F4E-F1C8-41F1-A457-4C8059142819}"
EndProject
Project("{FAE04EC0-301F-11D3-BF4B-00C04F79EFBC}") = "Ordering.Infrastructure", "Services\Ordering\Ordering.Infrastructure\Ordering.Infrastructure.csproj", "{BB93346E-A8BF-45AD-A96A-8AD90BE98353}"
EndProject
Project("{FAE04EC0-301F-11D3-BF4B-00C04F79EFBC}") = "Ordering.Application", "Services\Ordering\Ordering.Application\Ordering.Application.csproj", "{5831CFAB-7473-40B4-A40C-FEDD0E9FF5E0}"
EndProject
Project("{FAE04EC0-301F-11D3-BF4B-00C04F79EFBC}") = "BuildingBlocks.Messaging", "BuildingBlocks\BuildingBlocks.Messaging\BuildingBlocks.Messaging.csproj", "{C2523C58-62CB-4803-BD1D-F4C576085A76}"
EndProject
Project("{2150E333-8FDC-42A3-9474-1A3956D46DE8}") = "ApiGateways", "ApiGateways", "{6F1FF2FF-1448-4F8B-8438-662D34392B16}"
EndProject
Project("{FAE04EC0-301F-11D3-BF4B-00C04F79EFBC}") = "YarpApiGateway", "ApiGateways\YarpApiGateway\YarpApiGateway.csproj", "{570EF2FB-6851-4F05-87E5-21A685DD0927}"
EndProject
Global
	GlobalSection(SolutionConfigurationPlatforms) = preSolution
		Debug|Any CPU = Debug|Any CPU
		Release|Any CPU = Release|Any CPU
	EndGlobalSection
	GlobalSection(ProjectConfigurationPlatforms) = postSolution
		{DD24DDBB-4E70-4496-B342-C088999B06F9}.Debug|Any CPU.ActiveCfg = Debug|Any CPU
		{DD24DDBB-4E70-4496-B342-C088999B06F9}.Debug|Any CPU.Build.0 = Debug|Any CPU
		{DD24DDBB-4E70-4496-B342-C088999B06F9}.Release|Any CPU.ActiveCfg = Release|Any CPU
		{DD24DDBB-4E70-4496-B342-C088999B06F9}.Release|Any CPU.Build.0 = Release|Any CPU
		{8727A3FD-1399-4502-B08F-A31578D3260B}.Debug|Any CPU.ActiveCfg = Debug|Any CPU
		{8727A3FD-1399-4502-B08F-A31578D3260B}.Debug|Any CPU.Build.0 = Debug|Any CPU
		{8727A3FD-1399-4502-B08F-A31578D3260B}.Release|Any CPU.ActiveCfg = Release|Any CPU
		{8727A3FD-1399-4502-B08F-A31578D3260B}.Release|Any CPU.Build.0 = Release|Any CPU
		{81DDED9D-158B-E303-5F62-77A2896D2A5A}.Debug|Any CPU.ActiveCfg = Debug|Any CPU
		{81DDED9D-158B-E303-5F62-77A2896D2A5A}.Debug|Any CPU.Build.0 = Debug|Any CPU
		{81DDED9D-158B-E303-5F62-77A2896D2A5A}.Release|Any CPU.ActiveCfg = Release|Any CPU
		{81DDED9D-158B-E303-5F62-77A2896D2A5A}.Release|Any CPU.Build.0 = Release|Any CPU
		{B8AD9969-105D-4D94-9EA3-C96679F3ECA0}.Debug|Any CPU.ActiveCfg = Debug|Any CPU
		{B8AD9969-105D-4D94-9EA3-C96679F3ECA0}.Debug|Any CPU.Build.0 = Debug|Any CPU
		{B8AD9969-105D-4D94-9EA3-C96679F3ECA0}.Release|Any CPU.ActiveCfg = Release|Any CPU
		{B8AD9969-105D-4D94-9EA3-C96679F3ECA0}.Release|Any CPU.Build.0 = Release|Any CPU
		{B4081274-D11A-4607-BFE9-44CB2CF7D8E0}.Debug|Any CPU.ActiveCfg = Debug|Any CPU
		{B4081274-D11A-4607-BFE9-44CB2CF7D8E0}.Debug|Any CPU.Build.0 = Debug|Any CPU
		{B4081274-D11A-4607-BFE9-44CB2CF7D8E0}.Release|Any CPU.ActiveCfg = Release|Any CPU
		{B4081274-D11A-4607-BFE9-44CB2CF7D8E0}.Release|Any CPU.Build.0 = Release|Any CPU
		{F804742B-3B4E-4D4C-B961-3C258903E96B}.Debug|Any CPU.ActiveCfg = Debug|Any CPU
		{F804742B-3B4E-4D4C-B961-3C258903E96B}.Debug|Any CPU.Build.0 = Debug|Any CPU
		{F804742B-3B4E-4D4C-B961-3C258903E96B}.Release|Any CPU.ActiveCfg = Release|Any CPU
		{F804742B-3B4E-4D4C-B961-3C258903E96B}.Release|Any CPU.Build.0 = Release|Any CPU
		{6B9D1F4E-F1C8-41F1-A457-4C8059142819}.Debug|Any CPU.ActiveCfg = Debug|Any CPU
		{6B9D1F4E-F1C8-41F1-A457-4C8059142819}.Debug|Any CPU.Build.0 = Debug|Any CPU
		{6B9D1F4E-F1C8-41F1-A457-4C8059142819}.Release|Any CPU.ActiveCfg = Release|Any CPU
		{6B9D1F4E-F1C8-41F1-A457-4C8059142819}.Release|Any CPU.Build.0 = Release|Any CPU
		{BB93346E-A8BF-45AD-A96A-8AD90BE98353}.Debug|Any CPU.ActiveCfg = Debug|Any CPU
		{BB93346E-A8BF-45AD-A96A-8AD90BE98353}.Debug|Any CPU.Build.0 = Debug|Any CPU
		{BB93346E-A8BF-45AD-A96A-8AD90BE98353}.Release|Any CPU.ActiveCfg = Release|Any CPU
		{BB93346E-A8BF-45AD-A96A-8AD90BE98353}.Release|Any CPU.Build.0 = Release|Any CPU
		{5831CFAB-7473-40B4-A40C-FEDD0E9FF5E0}.Debug|Any CPU.ActiveCfg = Debug|Any CPU
		{5831CFAB-7473-40B4-A40C-FEDD0E9FF5E0}.Debug|Any CPU.Build.0 = Debug|Any CPU
		{5831CFAB-7473-40B4-A40C-FEDD0E9FF5E0}.Release|Any CPU.ActiveCfg = Release|Any CPU
		{5831CFAB-7473-40B4-A40C-FEDD0E9FF5E0}.Release|Any CPU.Build.0 = Release|Any CPU
		{C2523C58-62CB-4803-BD1D-F4C576085A76}.Debug|Any CPU.ActiveCfg = Debug|Any CPU
		{C2523C58-62CB-4803-BD1D-F4C576085A76}.Debug|Any CPU.Build.0 = Debug|Any CPU
		{C2523C58-62CB-4803-BD1D-F4C576085A76}.Release|Any CPU.ActiveCfg = Release|Any CPU
		{C2523C58-62CB-4803-BD1D-F4C576085A76}.Release|Any CPU.Build.0 = Release|Any CPU
		{570EF2FB-6851-4F05-87E5-21A685DD0927}.Debug|Any CPU.ActiveCfg = Debug|Any CPU
		{570EF2FB-6851-4F05-87E5-21A685DD0927}.Debug|Any CPU.Build.0 = Debug|Any CPU
		{570EF2FB-6851-4F05-87E5-21A685DD0927}.Release|Any CPU.ActiveCfg = Release|Any CPU
		{570EF2FB-6851-4F05-87E5-21A685DD0927}.Release|Any CPU.Build.0 = Release|Any CPU
	EndGlobalSection
	GlobalSection(SolutionProperties) = preSolution
		HideSolutionNode = FALSE
	EndGlobalSection
	GlobalSection(NestedProjects) = preSolution
		{97D5A0B2-60AD-46F9-B0EC-79BA26E6E0F0} = {02EA681E-C7D8-13C7-8484-4AC65E1B71E8}
		{DD24DDBB-4E70-4496-B342-C088999B06F9} = {97D5A0B2-60AD-46F9-B0EC-79BA26E6E0F0}
		{8727A3FD-1399-4502-B08F-A31578D3260B} = {35095422-9FA2-4B19-8504-063E7171A5AA}
		{E2486392-3996-4FF2-B143-962CBA3F403C} = {02EA681E-C7D8-13C7-8484-4AC65E1B71E8}
		{B8AD9969-105D-4D94-9EA3-C96679F3ECA0} = {E2486392-3996-4FF2-B143-962CBA3F403C}
		{82C5164B-17C4-4904-A1FB-521419370DE5} = {02EA681E-C7D8-13C7-8484-4AC65E1B71E8}
		{B4081274-D11A-4607-BFE9-44CB2CF7D8E0} = {82C5164B-17C4-4904-A1FB-521419370DE5}
		{F906AF4A-E793-4E7F-A2B0-6C036486AB2D} = {02EA681E-C7D8-13C7-8484-4AC65E1B71E8}
		{F804742B-3B4E-4D4C-B961-3C258903E96B} = {F906AF4A-E793-4E7F-A2B0-6C036486AB2D}
		{6B9D1F4E-F1C8-41F1-A457-4C8059142819} = {F906AF4A-E793-4E7F-A2B0-6C036486AB2D}
		{BB93346E-A8BF-45AD-A96A-8AD90BE98353} = {F906AF4A-E793-4E7F-A2B0-6C036486AB2D}
		{5831CFAB-7473-40B4-A40C-FEDD0E9FF5E0} = {F906AF4A-E793-4E7F-A2B0-6C036486AB2D}
		{C2523C58-62CB-4803-BD1D-F4C576085A76} = {35095422-9FA2-4B19-8504-063E7171A5AA}
		{570EF2FB-6851-4F05-87E5-21A685DD0927} = {6F1FF2FF-1448-4F8B-8438-662D34392B16}
	EndGlobalSection
	GlobalSection(ExtensibilityGlobals) = postSolution
		SolutionGuid = {9A60CC1B-A27F-4495-A128-A298382C349C}
	EndGlobalSection
EndGlobal
